// !$*UTF8*$!
{
	archiveVersion = 1;
	classes = {
	};
	objectVersion = 50;
	objects = {

/* Begin PBXBuildFile section */
		B1E05A12251C32D7000AFEC2 /* AppDelegate.swift in Sources */ = {isa = PBXBuildFile; fileRef = B1E05A11251C32D7000AFEC2 /* AppDelegate.swift */; };
		B1E05A14251C32D7000AFEC2 /* SceneDelegate.swift in Sources */ = {isa = PBXBuildFile; fileRef = B1E05A13251C32D7000AFEC2 /* SceneDelegate.swift */; };
		B1E05A16251C32D7000AFEC2 /* ViewController.swift in Sources */ = {isa = PBXBuildFile; fileRef = B1E05A15251C32D7000AFEC2 /* ViewController.swift */; };
		B1E05A19251C32D7000AFEC2 /* Main.storyboard in Resources */ = {isa = PBXBuildFile; fileRef = B1E05A17251C32D7000AFEC2 /* Main.storyboard */; };
		B1E05A1B251C32D9000AFEC2 /* Assets.xcassets in Resources */ = {isa = PBXBuildFile; fileRef = B1E05A1A251C32D9000AFEC2 /* Assets.xcassets */; };
		B1E05A1E251C32D9000AFEC2 /* LaunchScreen.storyboard in Resources */ = {isa = PBXBuildFile; fileRef = B1E05A1C251C32D9000AFEC2 /* LaunchScreen.storyboard */; };
		B1E05A29251C337F000AFEC2 /* BaseResponse.swift in Sources */ = {isa = PBXBuildFile; fileRef = B1E05A28251C337F000AFEC2 /* BaseResponse.swift */; };
		B1E05A2C251C33D2000AFEC2 /* EndpointType.swift in Sources */ = {isa = PBXBuildFile; fileRef = B1E05A2B251C33D2000AFEC2 /* EndpointType.swift */; };
		B1E05A2E251C340C000AFEC2 /* Response.swift in Sources */ = {isa = PBXBuildFile; fileRef = B1E05A2D251C340C000AFEC2 /* Response.swift */; };
		B1E05A30251C3455000AFEC2 /* ApiServices.swift in Sources */ = {isa = PBXBuildFile; fileRef = B1E05A2F251C3455000AFEC2 /* ApiServices.swift */; };
		B1E05A32251C35F3000AFEC2 /* Networking.swift in Sources */ = {isa = PBXBuildFile; fileRef = B1E05A31251C35F3000AFEC2 /* Networking.swift */; };
		B1E05A34251C3922000AFEC2 /* ApiManager.swift in Sources */ = {isa = PBXBuildFile; fileRef = B1E05A33251C3922000AFEC2 /* ApiManager.swift */; };
/* End PBXBuildFile section */

/* Begin PBXFileReference section */
		B1E05A0E251C32D7000AFEC2 /* NetworkTemplate.app */ = {isa = PBXFileReference; explicitFileType = wrapper.application; includeInIndex = 0; path = NetworkTemplate.app; sourceTree = BUILT_PRODUCTS_DIR; };
		B1E05A11251C32D7000AFEC2 /* AppDelegate.swift */ = {isa = PBXFileReference; lastKnownFileType = sourcecode.swift; path = AppDelegate.swift; sourceTree = "<group>"; };
		B1E05A13251C32D7000AFEC2 /* SceneDelegate.swift */ = {isa = PBXFileReference; lastKnownFileType = sourcecode.swift; path = SceneDelegate.swift; sourceTree = "<group>"; };
		B1E05A15251C32D7000AFEC2 /* ViewController.swift */ = {isa = PBXFileReference; lastKnownFileType = sourcecode.swift; path = ViewController.swift; sourceTree = "<group>"; };
		B1E05A18251C32D7000AFEC2 /* Base */ = {isa = PBXFileReference; lastKnownFileType = file.storyboard; name = Base; path = Base.lproj/Main.storyboard; sourceTree = "<group>"; };
		B1E05A1A251C32D9000AFEC2 /* Assets.xcassets */ = {isa = PBXFileReference; lastKnownFileType = folder.assetcatalog; path = Assets.xcassets; sourceTree = "<group>"; };
		B1E05A1D251C32D9000AFEC2 /* Base */ = {isa = PBXFileReference; lastKnownFileType = file.storyboard; name = Base; path = Base.lproj/LaunchScreen.storyboard; sourceTree = "<group>"; };
		B1E05A1F251C32D9000AFEC2 /* Info.plist */ = {isa = PBXFileReference; lastKnownFileType = text.plist.xml; path = Info.plist; sourceTree = "<group>"; };
		B1E05A28251C337F000AFEC2 /* BaseResponse.swift */ = {isa = PBXFileReference; lastKnownFileType = sourcecode.swift; path = BaseResponse.swift; sourceTree = "<group>"; };
		B1E05A2B251C33D2000AFEC2 /* EndpointType.swift */ = {isa = PBXFileReference; lastKnownFileType = sourcecode.swift; path = EndpointType.swift; sourceTree = "<group>"; };
		B1E05A2D251C340C000AFEC2 /* Response.swift */ = {isa = PBXFileReference; lastKnownFileType = sourcecode.swift; path = Response.swift; sourceTree = "<group>"; };
		B1E05A2F251C3455000AFEC2 /* ApiServices.swift */ = {isa = PBXFileReference; lastKnownFileType = sourcecode.swift; path = ApiServices.swift; sourceTree = "<group>"; };
		B1E05A31251C35F3000AFEC2 /* Networking.swift */ = {isa = PBXFileReference; lastKnownFileType = sourcecode.swift; path = Networking.swift; sourceTree = "<group>"; };
		B1E05A33251C3922000AFEC2 /* ApiManager.swift */ = {isa = PBXFileReference; lastKnownFileType = sourcecode.swift; path = ApiManager.swift; sourceTree = "<group>"; };
/* End PBXFileReference section */

/* Begin PBXFrameworksBuildPhase section */
		B1E05A0B251C32D7000AFEC2 /* Frameworks */ = {
			isa = PBXFrameworksBuildPhase;
			buildActionMask = 2147483647;
			files = (
			);
			runOnlyForDeploymentPostprocessing = 0;
		};
/* End PBXFrameworksBuildPhase section */

/* Begin PBXGroup section */
		B1E05A05251C32D7000AFEC2 = {
			isa = PBXGroup;
			children = (
				B1E05A10251C32D7000AFEC2 /* NetworkTemplate */,
				B1E05A0F251C32D7000AFEC2 /* Products */,
			);
			sourceTree = "<group>";
		};
		B1E05A0F251C32D7000AFEC2 /* Products */ = {
			isa = PBXGroup;
			children = (
				B1E05A0E251C32D7000AFEC2 /* NetworkTemplate.app */,
			);
			name = Products;
			sourceTree = "<group>";
		};
		B1E05A10251C32D7000AFEC2 /* NetworkTemplate */ = {
			isa = PBXGroup;
			children = (
				B1E05A25251C3344000AFEC2 /* Model */,
				B1E05A11251C32D7000AFEC2 /* AppDelegate.swift */,
				B1E05A13251C32D7000AFEC2 /* SceneDelegate.swift */,
				B1E05A15251C32D7000AFEC2 /* ViewController.swift */,
				B1E05A17251C32D7000AFEC2 /* Main.storyboard */,
				B1E05A1A251C32D9000AFEC2 /* Assets.xcassets */,
				B1E05A1C251C32D9000AFEC2 /* LaunchScreen.storyboard */,
				B1E05A1F251C32D9000AFEC2 /* Info.plist */,
			);
			path = NetworkTemplate;
			sourceTree = "<group>";
		};
		B1E05A25251C3344000AFEC2 /* Model */ = {
			isa = PBXGroup;
			children = (
				B1E05A27251C3359000AFEC2 /* Utils */,
				B1E05A26251C3350000AFEC2 /* Object */,
			);
			path = Model;
			sourceTree = "<group>";
		};
		B1E05A26251C3350000AFEC2 /* Object */ = {
			isa = PBXGroup;
			children = (
				B1E05A28251C337F000AFEC2 /* BaseResponse.swift */,
			);
			path = Object;
			sourceTree = "<group>";
		};
		B1E05A27251C3359000AFEC2 /* Utils */ = {
			isa = PBXGroup;
			children = (
				B1E05A2A251C33B5000AFEC2 /* Networking */,
			);
			path = Utils;
			sourceTree = "<group>";
		};
		B1E05A2A251C33B5000AFEC2 /* Networking */ = {
			isa = PBXGroup;
			children = (
				B1E05A2B251C33D2000AFEC2 /* EndpointType.swift */,
				B1E05A2D251C340C000AFEC2 /* Response.swift */,
				B1E05A2F251C3455000AFEC2 /* ApiServices.swift */,
				B1E05A31251C35F3000AFEC2 /* Networking.swift */,
				B1E05A33251C3922000AFEC2 /* ApiManager.swift */,
			);
			path = Networking;
			sourceTree = "<group>";
		};
/* End PBXGroup section */

/* Begin PBXNativeTarget section */
		B1E05A0D251C32D7000AFEC2 /* NetworkTemplate */ = {
			isa = PBXNativeTarget;
			buildConfigurationList = B1E05A22251C32D9000AFEC2 /* Build configuration list for PBXNativeTarget "NetworkTemplate" */;
			buildPhases = (
				B1E05A0A251C32D7000AFEC2 /* Sources */,
				B1E05A0B251C32D7000AFEC2 /* Frameworks */,
				B1E05A0C251C32D7000AFEC2 /* Resources */,
			);
			buildRules = (
			);
			dependencies = (
			);
			name = NetworkTemplate;
			productName = NetworkTemplate;
			productReference = B1E05A0E251C32D7000AFEC2 /* NetworkTemplate.app */;
			productType = "com.apple.product-type.application";
		};
/* End PBXNativeTarget section */

/* Begin PBXProject section */
		B1E05A06251C32D7000AFEC2 /* Project object */ = {
			isa = PBXProject;
			attributes = {
				LastSwiftUpdateCheck = 1170;
				LastUpgradeCheck = 1170;
				ORGANIZATIONNAME = "Nguyen Ba Tan - DC3";
				TargetAttributes = {
					B1E05A0D251C32D7000AFEC2 = {
						CreatedOnToolsVersion = 11.7;
					};
				};
			};
			buildConfigurationList = B1E05A09251C32D7000AFEC2 /* Build configuration list for PBXProject "NetworkTemplate" */;
			compatibilityVersion = "Xcode 9.3";
			developmentRegion = en;
			hasScannedForEncodings = 0;
			knownRegions = (
				en,
				Base,
			);
			mainGroup = B1E05A05251C32D7000AFEC2;
			productRefGroup = B1E05A0F251C32D7000AFEC2 /* Products */;
			projectDirPath = "";
			projectRoot = "";
			targets = (
				B1E05A0D251C32D7000AFEC2 /* NetworkTemplate */,
			);
		};
/* End PBXProject section */

/* Begin PBXResourcesBuildPhase section */
		B1E05A0C251C32D7000AFEC2 /* Resources */ = {
			isa = PBXResourcesBuildPhase;
			buildActionMask = 2147483647;
			files = (
				B1E05A1E251C32D9000AFEC2 /* LaunchScreen.storyboard in Resources */,
				B1E05A1B251C32D9000AFEC2 /* Assets.xcassets in Resources */,
				B1E05A19251C32D7000AFEC2 /* Main.storyboard in Resources */,
			);
			runOnlyForDeploymentPostprocessing = 0;
		};
/* End PBXResourcesBuildPhase section */

/* Begin PBXSourcesBuildPhase section */
		B1E05A0A251C32D7000AFEC2 /* Sources */ = {
			isa = PBXSourcesBuildPhase;
			buildActionMask = 2147483647;
			files = (
				B1E05A2C251C33D2000AFEC2 /* EndpointType.swift in Sources */,
				B1E05A34251C3922000AFEC2 /* ApiManager.swift in Sources */,
				B1E05A30251C3455000AFEC2 /* ApiServices.swift in Sources */,
				B1E05A16251C32D7000AFEC2 /* ViewController.swift in Sources */,
				B1E05A32251C35F3000AFEC2 /* Networking.swift in Sources */,
				B1E05A12251C32D7000AFEC2 /* AppDelegate.swift in Sources */,
				B1E05A14251C32D7000AFEC2 /* SceneDelegate.swift in Sources */,
				B1E05A2E251C340C000AFEC2 /* Response.swift in Sources */,
				B1E05A29251C337F000AFEC2 /* BaseResponse.swift in Sources */,
			);
			runOnlyForDeploymentPostprocessing = 0;
		};
/* End PBXSourcesBuildPhase section */

/* Begin PBXVariantGroup section */
		B1E05A17251C32D7000AFEC2 /* Main.storyboard */ = {
			isa = PBXVariantGroup;
			children = (
				B1E05A18251C32D7000AFEC2 /* Base */,
			);
			name = Main.storyboard;
			sourceTree = "<group>";
		};
		B1E05A1C251C32D9000AFEC2 /* LaunchScreen.storyboard */ = {
			isa = PBXVariantGroup;
			children = (
				B1E05A1D251C32D9000AFEC2 /* Base */,
			);
			name = LaunchScreen.storyboard;
			sourceTree = "<group>";
		};
/* End PBXVariantGroup section */

/* Begin XCBuildConfiguration section */
		B1E05A20251C32D9000AFEC2 /* Debug */ = {
			isa = XCBuildConfiguration;
			buildSettings = {
				ALWAYS_SEARCH_USER_PATHS = NO;
				CLANG_ANALYZER_NONNULL = YES;
				CLANG_ANALYZER_NUMBER_OBJECT_CONVERSION = YES_AGGRESSIVE;
				CLANG_CXX_LANGUAGE_STANDARD = "gnu++14";
				CLANG_CXX_LIBRARY = "libc++";
				CLANG_ENABLE_MODULES = YES;
				CLANG_ENABLE_OBJC_ARC = YES;
				CLANG_ENABLE_OBJC_WEAK = YES;
				CLANG_WARN_BLOCK_CAPTURE_AUTORELEASING = YES;
				CLANG_WARN_BOOL_CONVERSION = YES;
				CLANG_WARN_COMMA = YES;
				CLANG_WARN_CONSTANT_CONVERSION = YES;
				CLANG_WARN_DEPRECATED_OBJC_IMPLEMENTATIONS = YES;
				CLANG_WARN_DIRECT_OBJC_ISA_USAGE = YES_ERROR;
				CLANG_WARN_DOCUMENTATION_COMMENTS = YES;
				CLANG_WARN_EMPTY_BODY = YES;
				CLANG_WARN_ENUM_CONVERSION = YES;
				CLANG_WARN_INFINITE_RECURSION = YES;
				CLANG_WARN_INT_CONVERSION = YES;
				CLANG_WARN_NON_LITERAL_NULL_CONVERSION = YES;
				CLANG_WARN_OBJC_IMPLICIT_RETAIN_SELF = YES;
				CLANG_WARN_OBJC_LITERAL_CONVERSION = YES;
				CLANG_WARN_OBJC_ROOT_CLASS = YES_ERROR;
				CLANG_WARN_RANGE_LOOP_ANALYSIS = YES;
				CLANG_WARN_STRICT_PROTOTYPES = YES;
				CLANG_WARN_SUSPICIOUS_MOVE = YES;
				CLANG_WARN_UNGUARDED_AVAILABILITY = YES_AGGRESSIVE;
				CLANG_WARN_UNREACHABLE_CODE = YES;
				CLANG_WARN__DUPLICATE_METHOD_MATCH = YES;
				COPY_PHASE_STRIP = NO;
				DEBUG_INFORMATION_FORMAT = dwarf;
				ENABLE_STRICT_OBJC_MSGSEND = YES;
				ENABLE_TESTABILITY = YES;
				GCC_C_LANGUAGE_STANDARD = gnu11;
				GCC_DYNAMIC_NO_PIC = NO;
				GCC_NO_COMMON_BLOCKS = YES;
				GCC_OPTIMIZATION_LEVEL = 0;
				GCC_PREPROCESSOR_DEFINITIONS = (
					"DEBUG=1",
					"$(inherited)",
				);
				GCC_WARN_64_TO_32_BIT_CONVERSION = YES;
				GCC_WARN_ABOUT_RETURN_TYPE = YES_ERROR;
				GCC_WARN_UNDECLARED_SELECTOR = YES;
				GCC_WARN_UNINITIALIZED_AUTOS = YES_AGGRESSIVE;
				GCC_WARN_UNUSED_FUNCTION = YES;
				GCC_WARN_UNUSED_VARIABLE = YES;
				IPHONEOS_DEPLOYMENT_TARGET = 13.7;
				MTL_ENABLE_DEBUG_INFO = INCLUDE_SOURCE;
				MTL_FAST_MATH = YES;
				ONLY_ACTIVE_ARCH = YES;
				SDKROOT = iphoneos;
				SWIFT_ACTIVE_COMPILATION_CONDITIONS = DEBUG;
				SWIFT_OPTIMIZATION_LEVEL = "-Onone";
			};
			name = Debug;
		};
		B1E05A21251C32D9000AFEC2 /* Release */ = {
			isa = XCBuildConfiguration;
			buildSettings = {
				ALWAYS_SEARCH_USER_PATHS = NO;
				CLANG_ANALYZER_NONNULL = YES;
				CLANG_ANALYZER_NUMBER_OBJECT_CONVERSION = YES_AGGRESSIVE;
				CLANG_CXX_LANGUAGE_STANDARD = "gnu++14";
				CLANG_CXX_LIBRARY = "libc++";
				CLANG_ENABLE_MODULES = YES;
				CLANG_ENABLE_OBJC_ARC = YES;
				CLANG_ENABLE_OBJC_WEAK = YES;
				CLANG_WARN_BLOCK_CAPTURE_AUTORELEASING = YES;
				CLANG_WARN_BOOL_CONVERSION = YES;
				CLANG_WARN_COMMA = YES;
				CLANG_WARN_CONSTANT_CONVERSION = YES;
				CLANG_WARN_DEPRECATED_OBJC_IMPLEMENTATIONS = YES;
				CLANG_WARN_DIRECT_OBJC_ISA_USAGE = YES_ERROR;
				CLANG_WARN_DOCUMENTATION_COMMENTS = YES;
				CLANG_WARN_EMPTY_BODY = YES;
				CLANG_WARN_ENUM_CONVERSION = YES;
				CLANG_WARN_INFINITE_RECURSION = YES;
				CLANG_WARN_INT_CONVERSION = YES;
				CLANG_WARN_NON_LITERAL_NULL_CONVERSION = YES;
				CLANG_WARN_OBJC_IMPLICIT_RETAIN_SELF = YES;
				CLANG_WARN_OBJC_LITERAL_CONVERSION = YES;
				CLANG_WARN_OBJC_ROOT_CLASS = YES_ERROR;
				CLANG_WARN_RANGE_LOOP_ANALYSIS = YES;
				CLANG_WARN_STRICT_PROTOTYPES = YES;
				CLANG_WARN_SUSPICIOUS_MOVE = YES;
				CLANG_WARN_UNGUARDED_AVAILABILITY = YES_AGGRESSIVE;
				CLANG_WARN_UNREACHABLE_CODE = YES;
				CLANG_WARN__DUPLICATE_METHOD_MATCH = YES;
				COPY_PHASE_STRIP = NO;
				DEBUG_INFORMATION_FORMAT = "dwarf-with-dsym";
				ENABLE_NS_ASSERTIONS = NO;
				ENABLE_STRICT_OBJC_MSGSEND = YES;
				GCC_C_LANGUAGE_STANDARD = gnu11;
				GCC_NO_COMMON_BLOCKS = YES;
				GCC_WARN_64_TO_32_BIT_CONVERSION = YES;
				GCC_WARN_ABOUT_RETURN_TYPE = YES_ERROR;
				GCC_WARN_UNDECLARED_SELECTOR = YES;
				GCC_WARN_UNINITIALIZED_AUTOS = YES_AGGRESSIVE;
				GCC_WARN_UNUSED_FUNCTION = YES;
				GCC_WARN_UNUSED_VARIABLE = YES;
				IPHONEOS_DEPLOYMENT_TARGET = 13.7;
				MTL_ENABLE_DEBUG_INFO = NO;
				MTL_FAST_MATH = YES;
				SDKROOT = iphoneos;
				SWIFT_COMPILATION_MODE = wholemodule;
				SWIFT_OPTIMIZATION_LEVEL = "-O";
				VALIDATE_PRODUCT = YES;
			};
			name = Release;
		};
		B1E05A23251C32D9000AFEC2 /* Debug */ = {
			isa = XCBuildConfiguration;
			buildSettings = {
				ASSETCATALOG_COMPILER_APPICON_NAME = AppIcon;
				CODE_SIGN_STYLE = Automatic;
				INFOPLIST_FILE = NetworkTemplate/Info.plist;
				IPHONEOS_DEPLOYMENT_TARGET = 13.0;
				LD_RUNPATH_SEARCH_PATHS = (
					"$(inherited)",
					"@executable_path/Frameworks",
				);
				PRODUCT_BUNDLE_IDENTIFIER = com.batanlp.NetworkTemplate;
				PRODUCT_NAME = "$(TARGET_NAME)";
				SWIFT_VERSION = 5.0;
				TARGETED_DEVICE_FAMILY = "1,2";
			};
			name = Debug;
		};
		B1E05A24251C32D9000AFEC2 /* Release */ = {
			isa = XCBuildConfiguration;
			buildSettings = {
				ASSETCATALOG_COMPILER_APPICON_NAME = AppIcon;
				CODE_SIGN_STYLE = Automatic;
				INFOPLIST_FILE = NetworkTemplate/Info.plist;
				IPHONEOS_DEPLOYMENT_TARGET = 13.0;
				LD_RUNPATH_SEARCH_PATHS = (
					"$(inherited)",
					"@executable_path/Frameworks",
				);
				PRODUCT_BUNDLE_IDENTIFIER = com.batanlp.NetworkTemplate;
				PRODUCT_NAME = "$(TARGET_NAME)";
				SWIFT_VERSION = 5.0;
				TARGETED_DEVICE_FAMILY = "1,2";
			};
			name = Release;
		};
/* End XCBuildConfiguration section */

/* Begin XCConfigurationList section */
		B1E05A09251C32D7000AFEC2 /* Build configuration list for PBXProject "NetworkTemplate" */ = {
			isa = XCConfigurationList;
			buildConfigurations = (
				B1E05A20251C32D9000AFEC2 /* Debug */,
				B1E05A21251C32D9000AFEC2 /* Release */,
			);
			defaultConfigurationIsVisible = 0;
			defaultConfigurationName = Release;
		};
		B1E05A22251C32D9000AFEC2 /* Build configuration list for PBXNativeTarget "NetworkTemplate" */ = {
			isa = XCConfigurationList;
			buildConfigurations = (
				B1E05A23251C32D9000AFEC2 /* Debug */,
				B1E05A24251C32D9000AFEC2 /* Release */,
			);
			defaultConfigurationIsVisible = 0;
			defaultConfigurationName = Release;
		};
/* End XCConfigurationList section */
	};
	rootObject = B1E05A06251C32D7000AFEC2 /* Project object */;
}
